
Microsoft Visual Studio Solution File, Format Version 12.00
# Visual Studio Version 17
VisualStudioVersion = 17.14.36301.6
MinimumVisualStudioVersion = 10.0.40219.1
Project("{FAE04EC0-301F-11D3-BF4B-00C04F79EFBC}") = "Programowanie_Obiektowe_w71470", "Programowanie_Obiektowe_w71470\Programowanie_Obiektowe_w71470.csproj", "{AF8AC96F-E52E-49AB-9710-4DC9FAF34798}"
EndProject
Project("{FAE04EC0-301F-11D3-BF4B-00C04F79EFBC}") = "Lab1", "Lab1\Lab1.csproj", "{3E2F455E-5143-4C48-AFFC-665FE5757952}"
EndProject
Global
	GlobalSection(SolutionConfigurationPlatforms) = preSolution
		Debug|Any CPU = Debug|Any CPU
		Release|Any CPU = Release|Any CPU
	EndGlobalSection
	GlobalSection(ProjectConfigurationPlatforms) = postSolution
		{AF8AC96F-E52E-49AB-9710-4DC9FAF34798}.Debug|Any CPU.ActiveCfg = Debug|Any CPU
		{AF8AC96F-E52E-49AB-9710-4DC9FAF34798}.Debug|Any CPU.Build.0 = Debug|Any CPU
		{AF8AC96F-E52E-49AB-9710-4DC9FAF34798}.Release|Any CPU.ActiveCfg = Release|Any CPU
		{AF8AC96F-E52E-49AB-9710-4DC9FAF34798}.Release|Any CPU.Build.0 = Release|Any CPU
		{3E2F455E-5143-4C48-AFFC-665FE5757952}.Debug|Any CPU.ActiveCfg = Debug|Any CPU
		{3E2F455E-5143-4C48-AFFC-665FE5757952}.Debug|Any CPU.Build.0 = Debug|Any CPU
		{3E2F455E-5143-4C48-AFFC-665FE5757952}.Release|Any CPU.ActiveCfg = Release|Any CPU
		{3E2F455E-5143-4C48-AFFC-665FE5757952}.Release|Any CPU.Build.0 = Release|Any CPU
	EndGlobalSection
	GlobalSection(SolutionProperties) = preSolution
		HideSolutionNode = FALSE
	EndGlobalSection
	GlobalSection(ExtensibilityGlobals) = postSolution
		SolutionGuid = {2499A3F8-C904-4F2F-B397-3022A1DC4F27}
	EndGlobalSection
EndGlobal
